
Microsoft Visual Studio Solution File, Format Version 12.00
# Visual Studio Version 17
VisualStudioVersion = 17.6.33829.357
MinimumVisualStudioVersion = 10.0.40219.1
Project("{FAE04EC0-301F-11D3-BF4B-00C04F79EFBC}") = "RestaurantReservation.Db", "RestaurantReservation.Db\RestaurantReservation.Db.csproj", "{D47BAE54-0CDD-4F67-B621-587ED7C19319}"
EndProject
Project("{FAE04EC0-301F-11D3-BF4B-00C04F79EFBC}") = "RestaurantReservation", "RestaurantReservation\RestaurantReservation.csproj", "{C956D097-9A35-4A1F-8196-DD6007952B62}"
EndProject
Global
	GlobalSection(SolutionConfigurationPlatforms) = preSolution
		Debug|Any CPU = Debug|Any CPU
		Release|Any CPU = Release|Any CPU
	EndGlobalSection
	GlobalSection(ProjectConfigurationPlatforms) = postSolution
		{D47BAE54-0CDD-4F67-B621-587ED7C19319}.Debug|Any CPU.ActiveCfg = Debug|Any CPU
		{D47BAE54-0CDD-4F67-B621-587ED7C19319}.Debug|Any CPU.Build.0 = Debug|Any CPU
		{D47BAE54-0CDD-4F67-B621-587ED7C19319}.Release|Any CPU.ActiveCfg = Release|Any CPU
		{D47BAE54-0CDD-4F67-B621-587ED7C19319}.Release|Any CPU.Build.0 = Release|Any CPU
		{C956D097-9A35-4A1F-8196-DD6007952B62}.Debug|Any CPU.ActiveCfg = Debug|Any CPU
		{C956D097-9A35-4A1F-8196-DD6007952B62}.Debug|Any CPU.Build.0 = Debug|Any CPU
		{C956D097-9A35-4A1F-8196-DD6007952B62}.Release|Any CPU.ActiveCfg = Release|Any CPU
		{C956D097-9A35-4A1F-8196-DD6007952B62}.Release|Any CPU.Build.0 = Release|Any CPU
	EndGlobalSection
	GlobalSection(SolutionProperties) = preSolution
		HideSolutionNode = FALSE
	EndGlobalSection
	GlobalSection(ExtensibilityGlobals) = postSolution
		SolutionGuid = {CE6C0F61-BCCB-4F30-994E-62A6BD9AC368}
	EndGlobalSection
EndGlobal
